
Microsoft Visual Studio Solution File, Format Version 12.00
# Visual Studio Version 17
VisualStudioVersion = 17.1.32319.34
MinimumVisualStudioVersion = 10.0.40219.1
Project("{FAE04EC0-301F-11D3-BF4B-00C04F79EFBC}") = "lab8", "lab8\lab8.csproj", "{3EC82A79-AC7E-4001-AF9F-77215B5C0139}"
EndProject
Global
	GlobalSection(SolutionConfigurationPlatforms) = preSolution
		Debug|Any CPU = Debug|Any CPU
		Release|Any CPU = Release|Any CPU
	EndGlobalSection
	GlobalSection(ProjectConfigurationPlatforms) = postSolution
		{3EC82A79-AC7E-4001-AF9F-77215B5C0139}.Debug|Any CPU.ActiveCfg = Debug|Any CPU
		{3EC82A79-AC7E-4001-AF9F-77215B5C0139}.Debug|Any CPU.Build.0 = Debug|Any CPU
		{3EC82A79-AC7E-4001-AF9F-77215B5C0139}.Release|Any CPU.ActiveCfg = Release|Any CPU
		{3EC82A79-AC7E-4001-AF9F-77215B5C0139}.Release|Any CPU.Build.0 = Release|Any CPU
	EndGlobalSection
	GlobalSection(SolutionProperties) = preSolution
		HideSolutionNode = FALSE
	EndGlobalSection
	GlobalSection(ExtensibilityGlobals) = postSolution
		SolutionGuid = {7519BA2F-DDFE-451A-ADE8-50E11E07867E}
	EndGlobalSection
EndGlobal
